
Microsoft Visual Studio Solution File, Format Version 12.00
# Visual Studio Version 16
VisualStudioVersion = 16.0.30413.136
MinimumVisualStudioVersion = 10.0.40219.1
Project("{FAE04EC0-301F-11D3-BF4B-00C04F79EFBC}") = "Entidades", "Entidades\Entidades.csproj", "{BBABCAE1-9CAE-4728-893B-5153CE8AD909}"
EndProject
Project("{FAE04EC0-301F-11D3-BF4B-00C04F79EFBC}") = "MiCalculadora", "miCalculadora\MiCalculadora.csproj", "{39F9A409-C4A8-402F-8D70-FB3F97814C65}"
EndProject
Global
	GlobalSection(SolutionConfigurationPlatforms) = preSolution
		Debug|Any CPU = Debug|Any CPU
		Release|Any CPU = Release|Any CPU
	EndGlobalSection
	GlobalSection(ProjectConfigurationPlatforms) = postSolution
		{BBABCAE1-9CAE-4728-893B-5153CE8AD909}.Debug|Any CPU.ActiveCfg = Debug|Any CPU
		{BBABCAE1-9CAE-4728-893B-5153CE8AD909}.Debug|Any CPU.Build.0 = Debug|Any CPU
		{BBABCAE1-9CAE-4728-893B-5153CE8AD909}.Release|Any CPU.ActiveCfg = Release|Any CPU
		{BBABCAE1-9CAE-4728-893B-5153CE8AD909}.Release|Any CPU.Build.0 = Release|Any CPU
		{39F9A409-C4A8-402F-8D70-FB3F97814C65}.Debug|Any CPU.ActiveCfg = Debug|Any CPU
		{39F9A409-C4A8-402F-8D70-FB3F97814C65}.Debug|Any CPU.Build.0 = Debug|Any CPU
		{39F9A409-C4A8-402F-8D70-FB3F97814C65}.Release|Any CPU.ActiveCfg = Release|Any CPU
		{39F9A409-C4A8-402F-8D70-FB3F97814C65}.Release|Any CPU.Build.0 = Release|Any CPU
	EndGlobalSection
	GlobalSection(SolutionProperties) = preSolution
		HideSolutionNode = FALSE
	EndGlobalSection
	GlobalSection(ExtensibilityGlobals) = postSolution
		SolutionGuid = {6F6D3BF6-BAD5-4F68-A65C-D6544D3E4692}
	EndGlobalSection
EndGlobal
